// !$*UTF8*$!
{
	archiveVersion = 1;
	classes = {
	};
	objectVersion = 46;
	objects = {

/* Begin PBXBuildFile section */
		0A1613561A49AF0E00A242BE /* main.m in Sources */ = {isa = PBXBuildFile; fileRef = 0A1613551A49AF0E00A242BE /* main.m */; };
		0A1613591A49AF0E00A242BE /* AppDelegate.m in Sources */ = {isa = PBXBuildFile; fileRef = 0A1613581A49AF0E00A242BE /* AppDelegate.m */; };
		0A16135C1A49AF0E00A242BE /* ViewController.m in Sources */ = {isa = PBXBuildFile; fileRef = 0A16135B1A49AF0E00A242BE /* ViewController.m */; };
		0A16135F1A49AF0E00A242BE /* Main.storyboard in Resources */ = {isa = PBXBuildFile; fileRef = 0A16135D1A49AF0E00A242BE /* Main.storyboard */; };
		0A1613611A49AF0E00A242BE /* Images.xcassets in Resources */ = {isa = PBXBuildFile; fileRef = 0A1613601A49AF0E00A242BE /* Images.xcassets */; };
		0A1613641A49AF0E00A242BE /* LaunchScreen.xib in Resources */ = {isa = PBXBuildFile; fileRef = 0A1613621A49AF0E00A242BE /* LaunchScreen.xib */; };
		0A1613701A49AF0F00A242BE /* ToDoTests.m in Sources */ = {isa = PBXBuildFile; fileRef = 0A16136F1A49AF0F00A242BE /* ToDoTests.m */; };
/* End PBXBuildFile section */

/* Begin PBXContainerItemProxy section */
		0A16136A1A49AF0F00A242BE /* PBXContainerItemProxy */ = {
			isa = PBXContainerItemProxy;
			containerPortal = 0A1613481A49AF0E00A242BE /* Project object */;
			proxyType = 1;
			remoteGlobalIDString = 0A16134F1A49AF0E00A242BE;
			remoteInfo = ToDo;
		};
/* End PBXContainerItemProxy section */

/* Begin PBXFileReference section */
		0A1613501A49AF0E00A242BE /* ToDo.app */ = {isa = PBXFileReference; explicitFileType = wrapper.application; includeInIndex = 0; path = ToDo.app; sourceTree = BUILT_PRODUCTS_DIR; };
		0A1613541A49AF0E00A242BE /* Info.plist */ = {isa = PBXFileReference; lastKnownFileType = text.plist.xml; path = Info.plist; sourceTree = "<group>"; };
		0A1613551A49AF0E00A242BE /* main.m */ = {isa = PBXFileReference; lastKnownFileType = sourcecode.c.objc; path = main.m; sourceTree = "<group>"; };
		0A1613571A49AF0E00A242BE /* AppDelegate.h */ = {isa = PBXFileReference; lastKnownFileType = sourcecode.c.h; path = AppDelegate.h; sourceTree = "<group>"; };
		0A1613581A49AF0E00A242BE /* AppDelegate.m */ = {isa = PBXFileReference; lastKnownFileType = sourcecode.c.objc; path = AppDelegate.m; sourceTree = "<group>"; };
		0A16135A1A49AF0E00A242BE /* ViewController.h */ = {isa = PBXFileReference; lastKnownFileType = sourcecode.c.h; path = ViewController.h; sourceTree = "<group>"; };
		0A16135B1A49AF0E00A242BE /* ViewController.m */ = {isa = PBXFileReference; lastKnownFileType = sourcecode.c.objc; path = ViewController.m; sourceTree = "<group>"; };
		0A16135E1A49AF0E00A242BE /* Base */ = {isa = PBXFileReference; lastKnownFileType = file.storyboard; name = Base; path = Base.lproj/Main.storyboard; sourceTree = "<group>"; };
		0A1613601A49AF0E00A242BE /* Images.xcassets */ = {isa = PBXFileReference; lastKnownFileType = folder.assetcatalog; path = Images.xcassets; sourceTree = "<group>"; };
		0A1613631A49AF0E00A242BE /* Base */ = {isa = PBXFileReference; lastKnownFileType = file.xib; name = Base; path = Base.lproj/LaunchScreen.xib; sourceTree = "<group>"; };
		0A1613691A49AF0F00A242BE /* ToDoTests.xctest */ = {isa = PBXFileReference; explicitFileType = wrapper.cfbundle; includeInIndex = 0; path = ToDoTests.xctest; sourceTree = BUILT_PRODUCTS_DIR; };
		0A16136E1A49AF0F00A242BE /* Info.plist */ = {isa = PBXFileReference; lastKnownFileType = text.plist.xml; path = Info.plist; sourceTree = "<group>"; };
		0A16136F1A49AF0F00A242BE /* ToDoTests.m */ = {isa = PBXFileReference; lastKnownFileType = sourcecode.c.objc; path = ToDoTests.m; sourceTree = "<group>"; };
/* End PBXFileReference section */

/* Begin PBXFrameworksBuildPhase section */
		0A16134D1A49AF0E00A242BE /* Frameworks */ = {
			isa = PBXFrameworksBuildPhase;
			buildActionMask = 2147483647;
			files = (
			);
			runOnlyForDeploymentPostprocessing = 0;
		};
		0A1613661A49AF0F00A242BE /* Frameworks */ = {
			isa = PBXFrameworksBuildPhase;
			buildActionMask = 2147483647;
			files = (
			);
			runOnlyForDeploymentPostprocessing = 0;
		};
/* End PBXFrameworksBuildPhase section */

/* Begin PBXGroup section */
		0A1613471A49AF0E00A242BE = {
			isa = PBXGroup;
			children = (
				0A1613521A49AF0E00A242BE /* ToDo */,
				0A16136C1A49AF0F00A242BE /* ToDoTests */,
				0A1613511A49AF0E00A242BE /* Products */,
			);
			sourceTree = "<group>";
		};
		0A1613511A49AF0E00A242BE /* Products */ = {
			isa = PBXGroup;
			children = (
				0A1613501A49AF0E00A242BE /* ToDo.app */,
				0A1613691A49AF0F00A242BE /* ToDoTests.xctest */,
			);
			name = Products;
			sourceTree = "<group>";
		};
		0A1613521A49AF0E00A242BE /* ToDo */ = {
			isa = PBXGroup;
			children = (
				0A1613571A49AF0E00A242BE /* AppDelegate.h */,
				0A1613581A49AF0E00A242BE /* AppDelegate.m */,
				0A16135A1A49AF0E00A242BE /* ViewController.h */,
				0A16135B1A49AF0E00A242BE /* ViewController.m */,
				0A16135D1A49AF0E00A242BE /* Main.storyboard */,
				0A1613601A49AF0E00A242BE /* Images.xcassets */,
				0A1613621A49AF0E00A242BE /* LaunchScreen.xib */,
				0A1613531A49AF0E00A242BE /* Supporting Files */,
			);
			path = ToDo;
			sourceTree = "<group>";
		};
		0A1613531A49AF0E00A242BE /* Supporting Files */ = {
			isa = PBXGroup;
			children = (
				0A1613541A49AF0E00A242BE /* Info.plist */,
				0A1613551A49AF0E00A242BE /* main.m */,
			);
			name = "Supporting Files";
			sourceTree = "<group>";
		};
		0A16136C1A49AF0F00A242BE /* ToDoTests */ = {
			isa = PBXGroup;
			children = (
				0A16136F1A49AF0F00A242BE /* ToDoTests.m */,
				0A16136D1A49AF0F00A242BE /* Supporting Files */,
			);
			path = ToDoTests;
			sourceTree = "<group>";
		};
		0A16136D1A49AF0F00A242BE /* Supporting Files */ = {
			isa = PBXGroup;
			children = (
				0A16136E1A49AF0F00A242BE /* Info.plist */,
			);
			name = "Supporting Files";
			sourceTree = "<group>";
		};
/* End PBXGroup section */

/* Begin PBXNativeTarget section */
		0A16134F1A49AF0E00A242BE /* ToDo */ = {
			isa = PBXNativeTarget;
			buildConfigurationList = 0A1613731A49AF0F00A242BE /* Build configuration list for PBXNativeTarget "ToDo" */;
			buildPhases = (
				0A16134C1A49AF0E00A242BE /* Sources */,
				0A16134D1A49AF0E00A242BE /* Frameworks */,
				0A16134E1A49AF0E00A242BE /* Resources */,
			);
			buildRules = (
			);
			dependencies = (
			);
			name = ToDo;
			productName = ToDo;
			productReference = 0A1613501A49AF0E00A242BE /* ToDo.app */;
			productType = "com.apple.product-type.application";
		};
		0A1613681A49AF0F00A242BE /* ToDoTests */ = {
			isa = PBXNativeTarget;
			buildConfigurationList = 0A1613761A49AF0F00A242BE /* Build configuration list for PBXNativeTarget "ToDoTests" */;
			buildPhases = (
				0A1613651A49AF0F00A242BE /* Sources */,
				0A1613661A49AF0F00A242BE /* Frameworks */,
				0A1613671A49AF0F00A242BE /* Resources */,
			);
			buildRules = (
			);
			dependencies = (
				0A16136B1A49AF0F00A242BE /* PBXTargetDependency */,
			);
			name = ToDoTests;
			productName = ToDoTests;
			productReference = 0A1613691A49AF0F00A242BE /* ToDoTests.xctest */;
			productType = "com.apple.product-type.bundle.unit-test";
		};
/* End PBXNativeTarget section */

/* Begin PBXProject section */
		0A1613481A49AF0E00A242BE /* Project object */ = {
			isa = PBXProject;
			attributes = {
				LastUpgradeCheck = 0610;
				ORGANIZATIONNAME = "Matti Muehlemann";
				TargetAttributes = {
					0A16134F1A49AF0E00A242BE = {
						CreatedOnToolsVersion = 6.1.1;
					};
					0A1613681A49AF0F00A242BE = {
						CreatedOnToolsVersion = 6.1.1;
						TestTargetID = 0A16134F1A49AF0E00A242BE;
					};
				};
			};
			buildConfigurationList = 0A16134B1A49AF0E00A242BE /* Build configuration list for PBXProject "ToDo" */;
			compatibilityVersion = "Xcode 3.2";
			developmentRegion = English;
			hasScannedForEncodings = 0;
			knownRegions = (
				en,
				Base,
			);
			mainGroup = 0A1613471A49AF0E00A242BE;
			productRefGroup = 0A1613511A49AF0E00A242BE /* Products */;
			projectDirPath = "";
			projectRoot = "";
			targets = (
				0A16134F1A49AF0E00A242BE /* ToDo */,
				0A1613681A49AF0F00A242BE /* ToDoTests */,
			);
		};
/* End PBXProject section */

/* Begin PBXResourcesBuildPhase section */
		0A16134E1A49AF0E00A242BE /* Resources */ = {
			isa = PBXResourcesBuildPhase;
			buildActionMask = 2147483647;
			files = (
				0A16135F1A49AF0E00A242BE /* Main.storyboard in Resources */,
				0A1613641A49AF0E00A242BE /* LaunchScreen.xib in Resources */,
				0A1613611A49AF0E00A242BE /* Images.xcassets in Resources */,
			);
			runOnlyForDeploymentPostprocessing = 0;
		};
		0A1613671A49AF0F00A242BE /* Resources */ = {
			isa = PBXResourcesBuildPhase;
			buildActionMask = 2147483647;
			files = (
			);
			runOnlyForDeploymentPostprocessing = 0;
		};
/* End PBXResourcesBuildPhase section */

/* Begin PBXSourcesBuildPhase section */
		0A16134C1A49AF0E00A242BE /* Sources */ = {
			isa = PBXSourcesBuildPhase;
			buildActionMask = 2147483647;
			files = (
				0A16135C1A49AF0E00A242BE /* ViewController.m in Sources */,
				0A1613591A49AF0E00A242BE /* AppDelegate.m in Sources */,
				0A1613561A49AF0E00A242BE /* main.m in Sources */,
			);
			runOnlyForDeploymentPostprocessing = 0;
		};
		0A1613651A49AF0F00A242BE /* Sources */ = {
			isa = PBXSourcesBuildPhase;
			buildActionMask = 2147483647;
			files = (
				0A1613701A49AF0F00A242BE /* ToDoTests.m in Sources */,
			);
			runOnlyForDeploymentPostprocessing = 0;
		};
/* End PBXSourcesBuildPhase section */

/* Begin PBXTargetDependency section */
		0A16136B1A49AF0F00A242BE /* PBXTargetDependency */ = {
			isa = PBXTargetDependency;
			target = 0A16134F1A49AF0E00A242BE /* ToDo */;
			targetProxy = 0A16136A1A49AF0F00A242BE /* PBXContainerItemProxy */;
		};
/* End PBXTargetDependency section */

/* Begin PBXVariantGroup section */
		0A16135D1A49AF0E00A242BE /* Main.storyboard */ = {
			isa = PBXVariantGroup;
			children = (
				0A16135E1A49AF0E00A242BE /* Base */,
			);
			name = Main.storyboard;
			sourceTree = "<group>";
		};
		0A1613621A49AF0E00A242BE /* LaunchScreen.xib */ = {
			isa = PBXVariantGroup;
			children = (
				0A1613631A49AF0E00A242BE /* Base */,
			);
			name = LaunchScreen.xib;
			sourceTree = "<group>";
		};
/* End PBXVariantGroup section */

/* Begin XCBuildConfiguration section */
		0A1613711A49AF0F00A242BE /* Debug */ = {
			isa = XCBuildConfiguration;
			buildSettings = {
				ALWAYS_SEARCH_USER_PATHS = NO;
				CLANG_CXX_LANGUAGE_STANDARD = "gnu++0x";
				CLANG_CXX_LIBRARY = "libc++";
				CLANG_ENABLE_MODULES = YES;
				CLANG_ENABLE_OBJC_ARC = YES;
				CLANG_WARN_BOOL_CONVERSION = YES;
				CLANG_WARN_CONSTANT_CONVERSION = YES;
				CLANG_WARN_DIRECT_OBJC_ISA_USAGE = YES_ERROR;
				CLANG_WARN_EMPTY_BODY = YES;
				CLANG_WARN_ENUM_CONVERSION = YES;
				CLANG_WARN_INT_CONVERSION = YES;
				CLANG_WARN_OBJC_ROOT_CLASS = YES_ERROR;
				CLANG_WARN_UNREACHABLE_CODE = YES;
				CLANG_WARN__DUPLICATE_METHOD_MATCH = YES;
				"CODE_SIGN_IDENTITY[sdk=iphoneos*]" = "iPhone Developer";
				COPY_PHASE_STRIP = NO;
				ENABLE_STRICT_OBJC_MSGSEND = YES;
				GCC_C_LANGUAGE_STANDARD = gnu99;
				GCC_DYNAMIC_NO_PIC = NO;
				GCC_OPTIMIZATION_LEVEL = 0;
				GCC_PREPROCESSOR_DEFINITIONS = (
					"DEBUG=1",
					"$(inherited)",
				);
				GCC_SYMBOLS_PRIVATE_EXTERN = NO;
				GCC_WARN_64_TO_32_BIT_CONVERSION = YES;
				GCC_WARN_ABOUT_RETURN_TYPE = YES_ERROR;
				GCC_WARN_UNDECLARED_SELECTOR = YES;
				GCC_WARN_UNINITIALIZED_AUTOS = YES_AGGRESSIVE;
				GCC_WARN_UNUSED_FUNCTION = YES;
				GCC_WARN_UNUSED_VARIABLE = YES;
				IPHONEOS_DEPLOYMENT_TARGET = 8.1;
				MTL_ENABLE_DEBUG_INFO = YES;
				ONLY_ACTIVE_ARCH = YES;
				SDKROOT = iphoneos;
			};
			name = Debug;
		};
		0A1613721A49AF0F00A242BE /* Release */ = {
			isa = XCBuildConfiguration;
			buildSettings = {
				ALWAYS_SEARCH_USER_PATHS = NO;
				CLANG_CXX_LANGUAGE_STANDARD = "gnu++0x";
				CLANG_CXX_LIBRARY = "libc++";
				CLANG_ENABLE_MODULES = YES;
				CLANG_ENABLE_OBJC_ARC = YES;
				CLANG_WARN_BOOL_CONVERSION = YES;
				CLANG_WARN_CONSTANT_CONVERSION = YES;
				CLANG_WARN_DIRECT_OBJC_ISA_USAGE = YES_ERROR;
				CLANG_WARN_EMPTY_BODY = YES;
				CLANG_WARN_ENUM_CONVERSION = YES;
				CLANG_WARN_INT_CONVERSION = YES;
				CLANG_WARN_OBJC_ROOT_CLASS = YES_ERROR;
				CLANG_WARN_UNREACHABLE_CODE = YES;
				CLANG_WARN__DUPLICATE_METHOD_MATCH = YES;
				"CODE_SIGN_IDENTITY[sdk=iphoneos*]" = "iPhone Developer";
				COPY_PHASE_STRIP = YES;
				ENABLE_NS_ASSERTIONS = NO;
				ENABLE_STRICT_OBJC_MSGSEND = YES;
				GCC_C_LANGUAGE_STANDARD = gnu99;
				GCC_WARN_64_TO_32_BIT_CONVERSION = YES;
				GCC_WARN_ABOUT_RETURN_TYPE = YES_ERROR;
				GCC_WARN_UNDECLARED_SELECTOR = YES;
				GCC_WARN_UNINITIALIZED_AUTOS = YES_AGGRESSIVE;
				GCC_WARN_UNUSED_FUNCTION = YES;
				GCC_WARN_UNUSED_VARIABLE = YES;
				IPHONEOS_DEPLOYMENT_TARGET = 8.1;
				MTL_ENABLE_DEBUG_INFO = NO;
				SDKROOT = iphoneos;
				VALIDATE_PRODUCT = YES;
			};
			name = Release;
		};
		0A1613741A49AF0F00A242BE /* Debug */ = {
			isa = XCBuildConfiguration;
			buildSettings = {
				ASSETCATALOG_COMPILER_APPICON_NAME = AppIcon;
				INFOPLIST_FILE = ToDo/Info.plist;
				LD_RUNPATH_SEARCH_PATHS = "$(inherited) @executable_path/Frameworks";
				PRODUCT_NAME = "$(TARGET_NAME)";
			};
			name = Debug;
		};
		0A1613751A49AF0F00A242BE /* Release */ = {
			isa = XCBuildConfiguration;
			buildSettings = {
				ASSETCATALOG_COMPILER_APPICON_NAME = AppIcon;
				INFOPLIST_FILE = ToDo/Info.plist;
				LD_RUNPATH_SEARCH_PATHS = "$(inherited) @executable_path/Frameworks";
				PRODUCT_NAME = "$(TARGET_NAME)";
			};
			name = Release;
		};
		0A1613771A49AF0F00A242BE /* Debug */ = {
			isa = XCBuildConfiguration;
			buildSettings = {
				BUNDLE_LOADER = "$(TEST_HOST)";
				FRAMEWORK_SEARCH_PATHS = (
					"$(SDKROOT)/Developer/Library/Frameworks",
					"$(inherited)",
				);
				GCC_PREPROCESSOR_DEFINITIONS = (
					"DEBUG=1",
					"$(inherited)",
				);
				INFOPLIST_FILE = ToDoTests/Info.plist;
				LD_RUNPATH_SEARCH_PATHS = "$(inherited) @executable_path/Frameworks @loader_path/Frameworks";
				PRODUCT_NAME = "$(TARGET_NAME)";
				TEST_HOST = "$(BUILT_PRODUCTS_DIR)/ToDo.app/ToDo";
			};
			name = Debug;
		};
		0A1613781A49AF0F00A242BE /* Release */ = {
			isa = XCBuildConfiguration;
			buildSettings = {
				BUNDLE_LOADER = "$(TEST_HOST)";
				FRAMEWORK_SEARCH_PATHS = (
					"$(SDKROOT)/Developer/Library/Frameworks",
					"$(inherited)",
				);
				INFOPLIST_FILE = ToDoTests/Info.plist;
				LD_RUNPATH_SEARCH_PATHS = "$(inherited) @executable_path/Frameworks @loader_path/Frameworks";
				PRODUCT_NAME = "$(TARGET_NAME)";
				TEST_HOST = "$(BUILT_PRODUCTS_DIR)/ToDo.app/ToDo";
			};
			name = Release;
		};
/* End XCBuildConfiguration section */

/* Begin XCConfigurationList section */
		0A16134B1A49AF0E00A242BE /* Build configuration list for PBXProject "ToDo" */ = {
			isa = XCConfigurationList;
			buildConfigurations = (
				0A1613711A49AF0F00A242BE /* Debug */,
				0A1613721A49AF0F00A242BE /* Release */,
			);
			defaultConfigurationIsVisible = 0;
			defaultConfigurationName = Release;
		};
		0A1613731A49AF0F00A242BE /* Build configuration list for PBXNativeTarget "ToDo" */ = {
			isa = XCConfigurationList;
			buildConfigurations = (
				0A1613741A49AF0F00A242BE /* Debug */,
				0A1613751A49AF0F00A242BE /* Release */,
			);
			defaultConfigurationIsVisible = 0;
		};
		0A1613761A49AF0F00A242BE /* Build configuration list for PBXNativeTarget "ToDoTests" */ = {
			isa = XCConfigurationList;
			buildConfigurations = (
				0A1613771A49AF0F00A242BE /* Debug */,
				0A1613781A49AF0F00A242BE /* Release */,
			);
			defaultConfigurationIsVisible = 0;
		};
/* End XCConfigurationList section */
	};
	rootObject = 0A1613481A49AF0E00A242BE /* Project object */;
}
